version: 6
environments:
  default:
    channels:
    - url: https://conda.anaconda.org/conda-forge/
    indexes:
    - https://pypi.org/simple
    packages:
      osx-arm64:
      - conda: https://conda.anaconda.org/conda-forge/osx-arm64/brotli-1.1.0-h5505292_3.conda
      - conda: https://conda.anaconda.org/conda-forge/osx-arm64/brotli-bin-1.1.0-h5505292_3.conda
      - conda: https://conda.anaconda.org/conda-forge/osx-arm64/bzip2-1.0.8-h99b78c6_7.conda
      - conda: https://conda.anaconda.org/conda-forge/noarch/ca-certificates-2025.6.15-hbd8a1cb_0.conda
      - conda: https://conda.anaconda.org/conda-forge/osx-arm64/contourpy-1.3.2-py311h210dab8_0.conda
      - conda: https://conda.anaconda.org/conda-forge/noarch/cpython-3.11.13-py311hd8ed1ab_0.conda
      - conda: https://conda.anaconda.org/conda-forge/noarch/cycler-0.12.1-pyhd8ed1ab_1.conda
      - conda: https://conda.anaconda.org/conda-forge/osx-arm64/fonttools-4.58.4-py311h4921393_0.conda
      - conda: https://conda.anaconda.org/conda-forge/osx-arm64/freetype-2.13.3-hce30654_1.conda
      - conda: https://conda.anaconda.org/conda-forge/osx-arm64/gmp-6.3.0-h7bae524_2.conda
      - conda: https://conda.anaconda.org/conda-forge/osx-arm64/gmpy2-2.2.1-py311hb5d9ff4_0.conda
      - conda: https://conda.anaconda.org/conda-forge/osx-arm64/kiwisolver-1.4.7-py311h2c37856_0.conda
      - conda: https://conda.anaconda.org/conda-forge/osx-arm64/lcms2-2.17-h7eeda09_0.conda
      - conda: https://conda.anaconda.org/conda-forge/osx-arm64/lerc-4.0.0-hd64df32_1.conda
      - conda: https://conda.anaconda.org/conda-forge/osx-arm64/libblas-3.9.0-32_h10e41b3_openblas.conda
      - conda: https://conda.anaconda.org/conda-forge/osx-arm64/libbrotlicommon-1.1.0-h5505292_3.conda
      - conda: https://conda.anaconda.org/conda-forge/osx-arm64/libbrotlidec-1.1.0-h5505292_3.conda
      - conda: https://conda.anaconda.org/conda-forge/osx-arm64/libbrotlienc-1.1.0-h5505292_3.conda
      - conda: https://conda.anaconda.org/conda-forge/osx-arm64/libcblas-3.9.0-32_hb3479ef_openblas.conda
      - conda: https://conda.anaconda.org/conda-forge/osx-arm64/libcxx-20.1.7-ha82da77_0.conda
      - conda: https://conda.anaconda.org/conda-forge/osx-arm64/libdeflate-1.24-h5773f1b_0.conda
      - conda: https://conda.anaconda.org/conda-forge/osx-arm64/libexpat-2.7.0-h286801f_0.conda
      - conda: https://conda.anaconda.org/conda-forge/osx-arm64/libffi-3.4.6-h1da3d7d_1.conda
      - conda: https://conda.anaconda.org/conda-forge/osx-arm64/libfreetype-2.13.3-hce30654_1.conda
      - conda: https://conda.anaconda.org/conda-forge/osx-arm64/libfreetype6-2.13.3-h1d14073_1.conda
      - conda: https://conda.anaconda.org/conda-forge/osx-arm64/libgfortran-5.0.0-14_2_0_h6c33f7e_103.conda
      - conda: https://conda.anaconda.org/conda-forge/osx-arm64/libgfortran5-14.2.0-h6c33f7e_103.conda
      - conda: https://conda.anaconda.org/conda-forge/osx-arm64/libjpeg-turbo-3.1.0-h5505292_0.conda
      - conda: https://conda.anaconda.org/conda-forge/osx-arm64/liblapack-3.9.0-32_hc9a63f6_openblas.conda
      - conda: https://conda.anaconda.org/conda-forge/osx-arm64/liblzma-5.8.1-h39f12f2_2.conda
      - conda: https://conda.anaconda.org/conda-forge/osx-arm64/libopenblas-0.3.30-openmp_hf332438_0.conda
      - conda: https://conda.anaconda.org/conda-forge/osx-arm64/libpng-1.6.49-h3783ad8_0.conda
      - conda: https://conda.anaconda.org/conda-forge/osx-arm64/libsqlite-3.50.1-h3f77e49_4.conda
      - conda: https://conda.anaconda.org/conda-forge/osx-arm64/libtiff-4.7.0-h2f21f7c_5.conda
      - conda: https://conda.anaconda.org/conda-forge/osx-arm64/libwebp-base-1.5.0-h2471fea_0.conda
      - conda: https://conda.anaconda.org/conda-forge/osx-arm64/libxcb-1.17.0-hdb1d25a_0.conda
      - conda: https://conda.anaconda.org/conda-forge/osx-arm64/libzlib-1.3.1-h8359307_2.conda
      - conda: https://conda.anaconda.org/conda-forge/osx-arm64/llvm-openmp-20.1.7-hdb05f8b_0.conda
      - conda: https://conda.anaconda.org/conda-forge/osx-arm64/matplotlib-3.10.3-py311ha1ab1f8_0.conda
      - conda: https://conda.anaconda.org/conda-forge/osx-arm64/matplotlib-base-3.10.3-py311h031da69_0.conda
      - conda: https://conda.anaconda.org/conda-forge/osx-arm64/mpc-1.3.1-h8f1351a_1.conda
      - conda: https://conda.anaconda.org/conda-forge/osx-arm64/mpfr-4.2.1-hb693164_3.conda
      - conda: https://conda.anaconda.org/conda-forge/noarch/mpmath-1.3.0-pyhd8ed1ab_1.conda
      - conda: https://conda.anaconda.org/conda-forge/noarch/munkres-1.1.4-pyhd8ed1ab_1.conda
      - conda: https://conda.anaconda.org/conda-forge/osx-arm64/ncurses-6.5-h5e97a16_3.conda
      - conda: https://conda.anaconda.org/conda-forge/osx-arm64/numpy-2.3.0-py311h4379d9d_0.conda
      - conda: https://conda.anaconda.org/conda-forge/osx-arm64/openjpeg-2.5.3-h8a3d83b_0.conda
      - conda: https://conda.anaconda.org/conda-forge/osx-arm64/openssl-3.5.0-h81ee809_1.conda
      - conda: https://conda.anaconda.org/conda-forge/noarch/packaging-25.0-pyh29332c3_1.conda
      - conda: https://conda.anaconda.org/conda-forge/osx-arm64/pillow-11.2.1-py311hb9ba9e9_0.conda
      - conda: https://conda.anaconda.org/conda-forge/osx-arm64/pthread-stubs-0.4-hd74edd7_1002.conda
      - conda: https://conda.anaconda.org/conda-forge/noarch/pyparsing-3.2.3-pyhd8ed1ab_1.conda
      - conda: https://conda.anaconda.org/conda-forge/osx-arm64/python-3.11.13-hc22306f_0_cpython.conda
      - conda: https://conda.anaconda.org/conda-forge/noarch/python-dateutil-2.9.0.post0-pyhff2d567_1.conda
      - conda: https://conda.anaconda.org/conda-forge/noarch/python_abi-3.11-7_cp311.conda
      - conda: https://conda.anaconda.org/conda-forge/osx-arm64/qhull-2020.2-h420ef59_5.conda
      - conda: https://conda.anaconda.org/conda-forge/osx-arm64/readline-8.2-h1d1bf99_2.conda
      - conda: https://conda.anaconda.org/conda-forge/noarch/six-1.17.0-pyhd8ed1ab_0.conda
      - conda: https://conda.anaconda.org/conda-forge/noarch/sympy-1.14.0-pyh2585a3b_105.conda
      - conda: https://conda.anaconda.org/conda-forge/osx-arm64/tk-8.6.13-h892fb3f_2.conda
      - conda: https://conda.anaconda.org/conda-forge/osx-arm64/tornado-6.5.1-py311h917b07b_0.conda
      - conda: https://conda.anaconda.org/conda-forge/noarch/tzdata-2025b-h78e105d_0.conda
      - conda: https://conda.anaconda.org/conda-forge/osx-arm64/unicodedata2-16.0.0-py311h917b07b_0.conda
      - conda: https://conda.anaconda.org/conda-forge/osx-arm64/xorg-libxau-1.0.12-h5505292_0.conda
      - conda: https://conda.anaconda.org/conda-forge/osx-arm64/xorg-libxdmcp-1.1.5-hd74edd7_0.conda
      - conda: https://conda.anaconda.org/conda-forge/osx-arm64/zstd-1.5.7-h6491c7d_2.conda
      - pypi: ./
packages:
- conda: https://conda.anaconda.org/conda-forge/osx-arm64/brotli-1.1.0-h5505292_3.conda
  sha256: 97e2a90342869cc122921fdff0e6be2f5c38268555c08ba5d14e1615e4637e35
  md5: 03c7865dd4dbf87b7b7d363e24c632f1
  depends:
  - __osx >=11.0
  - brotli-bin 1.1.0 h5505292_3
  - libbrotlidec 1.1.0 h5505292_3
  - libbrotlienc 1.1.0 h5505292_3
  license: MIT
  license_family: MIT
  purls: []
  size: 20094
  timestamp: 1749230390021
- conda: https://conda.anaconda.org/conda-forge/osx-arm64/brotli-bin-1.1.0-h5505292_3.conda
  sha256: 5c6a808326c3bbb6f015a57c9eb463d65f259f67154f4f06783d8829ce9239b4
  md5: cc435eb5160035fd8503e9a58036c5b5
  depends:
  - __osx >=11.0
  - libbrotlidec 1.1.0 h5505292_3
  - libbrotlienc 1.1.0 h5505292_3
  license: MIT
  license_family: MIT
  purls: []
  size: 17185
  timestamp: 1749230373519
- conda: https://conda.anaconda.org/conda-forge/osx-arm64/bzip2-1.0.8-h99b78c6_7.conda
  sha256: adfa71f158cbd872a36394c56c3568e6034aa55c623634b37a4836bd036e6b91
  md5: fc6948412dbbbe9a4c9ddbbcfe0a79ab
  depends:
  - __osx >=11.0
  license: bzip2-1.0.6
  license_family: BSD
  purls: []
  size: 122909
  timestamp: 1720974522888
- conda: https://conda.anaconda.org/conda-forge/noarch/ca-certificates-2025.6.15-hbd8a1cb_0.conda
  sha256: 7cfec9804c84844ea544d98bda1d9121672b66ff7149141b8415ca42dfcd44f6
  md5: 72525f07d72806e3b639ad4504c30ce5
  depends:
  - __unix
  license: ISC
  purls: []
  size: 151069
  timestamp: 1749990087500
- conda: https://conda.anaconda.org/conda-forge/osx-arm64/contourpy-1.3.2-py311h210dab8_0.conda
  sha256: 4344151c0f543cc33148805589027c73a036bfa5daa8d5cf3054e3f7db31e937
  md5: 9bebb2a698a51d7821ee9e7e06343f33
  depends:
  - __osx >=11.0
  - libcxx >=18
  - numpy >=1.23
  - python >=3.11,<3.12.0a0
  - python >=3.11,<3.12.0a0 *_cpython
  - python_abi 3.11.* *_cp311
  license: BSD-3-Clause
  license_family: BSD
  purls:
  - pkg:pypi/contourpy?source=hash-mapping
  size: 248716
  timestamp: 1744743514765
- conda: https://conda.anaconda.org/conda-forge/noarch/cpython-3.11.13-py311hd8ed1ab_0.conda
  noarch: generic
  sha256: ab70477f5cfb60961ba27d84a4c933a24705ac4b1736d8f3da14858e95bbfa7a
  md5: 4666fd336f6d48d866a58490684704cd
  depends:
  - python >=3.11,<3.12.0a0
  - python_abi * *_cp311
  license: Python-2.0
  purls: []
  size: 47495
  timestamp: 1749048148121
- conda: https://conda.anaconda.org/conda-forge/noarch/cycler-0.12.1-pyhd8ed1ab_1.conda
  sha256: 9827efa891e507a91a8a2acf64e210d2aff394e1cde432ad08e1f8c66b12293c
  md5: 44600c4667a319d67dbe0681fc0bc833
  depends:
  - python >=3.9
  license: BSD-3-Clause
  license_family: BSD
  purls:
  - pkg:pypi/cycler?source=hash-mapping
  size: 13399
  timestamp: 1733332563512
- conda: https://conda.anaconda.org/conda-forge/osx-arm64/fonttools-4.58.4-py311h4921393_0.conda
  sha256: 27135a2600d0c42ad58cf339e2cd0df597a534af7c51e826ceae60219706a62c
  md5: af71168d44a74216ba42fe39fef624ff
  depends:
  - __osx >=11.0
  - brotli
  - munkres
  - python >=3.11,<3.12.0a0
  - python >=3.11,<3.12.0a0 *_cpython
  - python_abi 3.11.* *_cp311
  - unicodedata2 >=15.1.0
  license: MIT
  license_family: MIT
  purls:
  - pkg:pypi/fonttools?source=hash-mapping
  size: 2804047
  timestamp: 1749848663496
- conda: https://conda.anaconda.org/conda-forge/osx-arm64/freetype-2.13.3-hce30654_1.conda
  sha256: 6b63c72ea51a41d41964841404564c0729fdddd3e952e2715839fd759b7cfdfc
  md5: e684de4644067f1956a580097502bf03
  depends:
  - libfreetype 2.13.3 hce30654_1
  - libfreetype6 2.13.3 h1d14073_1
  license: GPL-2.0-only OR FTL
  purls: []
  size: 172220
  timestamp: 1745370149658
- conda: https://conda.anaconda.org/conda-forge/osx-arm64/gmp-6.3.0-h7bae524_2.conda
  sha256: 76e222e072d61c840f64a44e0580c2503562b009090f55aa45053bf1ccb385dd
  md5: eed7278dfbab727b56f2c0b64330814b
  depends:
  - __osx >=11.0
  - libcxx >=16
  license: GPL-2.0-or-later OR LGPL-3.0-or-later
  purls: []
  size: 365188
  timestamp: 1718981343258
- conda: https://conda.anaconda.org/conda-forge/osx-arm64/gmpy2-2.2.1-py311hb5d9ff4_0.conda
  sha256: 2d82e724549c3f222cfa757ad8e1b262c56df2c95af77fc724ad1d79069910be
  md5: 7a4aa84a3b98107337d5ee0cea7b44dd
  depends:
  - __osx >=11.0
  - gmp >=6.3.0,<7.0a0
  - mpc >=1.3.1,<2.0a0
  - mpfr >=4.2.1,<5.0a0
  - python >=3.11,<3.12.0a0
  - python >=3.11,<3.12.0a0 *_cpython
  - python_abi 3.11.* *_cp311
  license: LGPL-3.0-or-later
  license_family: LGPL
  purls:
  - pkg:pypi/gmpy2?source=hash-mapping
  size: 156177
  timestamp: 1745509769170
- conda: https://conda.anaconda.org/conda-forge/osx-arm64/kiwisolver-1.4.7-py311h2c37856_0.conda
  sha256: 8ffc46f6e99c95c48426cf34c033d16cde3bcf100cd74d1d74a33943a85a6ec8
  md5: ee572d19da1346db8e78cb8e7d5d2330
  depends:
  - __osx >=11.0
  - libcxx >=17
  - python >=3.11,<3.12.0a0
  - python >=3.11,<3.12.0a0 *_cpython
  - python_abi 3.11.* *_cp311
  license: BSD-3-Clause
  license_family: BSD
  purls:
  - pkg:pypi/kiwisolver?source=hash-mapping
  size: 59357
  timestamp: 1725459504453
- conda: https://conda.anaconda.org/conda-forge/osx-arm64/lcms2-2.17-h7eeda09_0.conda
  sha256: 310a62c2f074ebd5aa43b3cd4b00d46385ce680fa2132ecee255a200e2d2f15f
  md5: 92a61fd30b19ebd5c1621a5bfe6d8b5f
  depends:
  - __osx >=11.0
  - libjpeg-turbo >=3.0.0,<4.0a0
  - libtiff >=4.7.0,<4.8.0a0
  license: MIT
  license_family: MIT
  purls: []
  size: 212125
  timestamp: 1739161108467
- conda: https://conda.anaconda.org/conda-forge/osx-arm64/lerc-4.0.0-hd64df32_1.conda
  sha256: 12361697f8ffc9968907d1a7b5830e34c670e4a59b638117a2cdfed8f63a38f8
  md5: a74332d9b60b62905e3d30709df08bf1
  depends:
  - __osx >=11.0
  - libcxx >=18
  license: Apache-2.0
  license_family: Apache
  purls: []
  size: 188306
  timestamp: 1745264362794
- conda: https://conda.anaconda.org/conda-forge/osx-arm64/libblas-3.9.0-32_h10e41b3_openblas.conda
  build_number: 32
  sha256: 2775472dd81d43dc20804b484028560bfecd5ab4779e39f1fb95684da3ff2029
  md5: d4a1732d2b330c9d5d4be16438a0ac78
  depends:
  - libopenblas >=0.3.30,<0.3.31.0a0
  - libopenblas >=0.3.30,<1.0a0
  constrains:
  - blas 2.132   openblas
  - liblapack  3.9.0   32*_openblas
  - mkl <2025
  - libcblas   3.9.0   32*_openblas
  - liblapacke 3.9.0   32*_openblas
  license: BSD-3-Clause
  purls: []
  size: 17520
  timestamp: 1750388963178
- conda: https://conda.anaconda.org/conda-forge/osx-arm64/libbrotlicommon-1.1.0-h5505292_3.conda
  sha256: 0e9c196ad8569ca199ea05103707cde0ae3c7e97d0cdf0417d873148ea9ad640
  md5: fbc4d83775515e433ef22c058768b84d
  depends:
  - __osx >=11.0
  license: MIT
  license_family: MIT
  purls: []
  size: 68972
  timestamp: 1749230317752
- conda: https://conda.anaconda.org/conda-forge/osx-arm64/libbrotlidec-1.1.0-h5505292_3.conda
  sha256: d888c228e7d4f0f2303538f6a9705498c81d56fedaab7811e1186cb6e24d689b
  md5: 01c4b35a1c4b94b60801f189f1ac6ee3
  depends:
  - __osx >=11.0
  - libbrotlicommon 1.1.0 h5505292_3
  license: MIT
  license_family: MIT
  purls: []
  size: 29249
  timestamp: 1749230338861
- conda: https://conda.anaconda.org/conda-forge/osx-arm64/libbrotlienc-1.1.0-h5505292_3.conda
  sha256: 0734a54db818ddfdfbf388fa53c5036a06bbe17de14005f33215d865d51d8a5e
  md5: 1ce5e315293309b5bf6778037375fb08
  depends:
  - __osx >=11.0
  - libbrotlicommon 1.1.0 h5505292_3
  license: MIT
  license_family: MIT
  purls: []
  size: 274404
  timestamp: 1749230355483
- conda: https://conda.anaconda.org/conda-forge/osx-arm64/libcblas-3.9.0-32_hb3479ef_openblas.conda
  build_number: 32
  sha256: 25d46ace14c3ac45d4aa18b5f7a0d3d30cec422297e900f8b97a66334232061c
  md5: d8e8ba717ae863b13a7495221f2b5a71
  depends:
  - libblas 3.9.0 32_h10e41b3_openblas
  constrains:
  - blas 2.132   openblas
  - liblapack  3.9.0   32*_openblas
  - liblapacke 3.9.0   32*_openblas
  license: BSD-3-Clause
  purls: []
  size: 17485
  timestamp: 1750388970626
- conda: https://conda.anaconda.org/conda-forge/osx-arm64/libcxx-20.1.7-ha82da77_0.conda
  sha256: a3fd34773f1252a4f089e74a075ff5f0f6b878aede097e83a405f35687c36f24
  md5: 881de227abdddbe596239fa9e82eb3ab
  depends:
  - __osx >=11.0
  license: Apache-2.0 WITH LLVM-exception
  license_family: Apache
  purls: []
  size: 567189
  timestamp: 1749847129529
- conda: https://conda.anaconda.org/conda-forge/osx-arm64/libdeflate-1.24-h5773f1b_0.conda
  sha256: 417d52b19c679e1881cce3f01cad3a2d542098fa2d6df5485aac40f01aede4d1
  md5: 3baf58a5a87e7c2f4d243ce2f8f2fe5c
  depends:
  - __osx >=11.0
  license: MIT
  license_family: MIT
  purls: []
  size: 54790
  timestamp: 1747040549847
- conda: https://conda.anaconda.org/conda-forge/osx-arm64/libexpat-2.7.0-h286801f_0.conda
  sha256: ee550e44765a7bbcb2a0216c063dcd53ac914a7be5386dd0554bd06e6be61840
  md5: 6934bbb74380e045741eb8637641a65b
  depends:
  - __osx >=11.0
  constrains:
  - expat 2.7.0.*
  license: MIT
  license_family: MIT
  purls: []
  size: 65714
  timestamp: 1743431789879
- conda: https://conda.anaconda.org/conda-forge/osx-arm64/libffi-3.4.6-h1da3d7d_1.conda
  sha256: c6a530924a9b14e193ea9adfe92843de2a806d1b7dbfd341546ece9653129e60
  md5: c215a60c2935b517dcda8cad4705734d
  depends:
  - __osx >=11.0
  license: MIT
  license_family: MIT
  purls: []
  size: 39839
  timestamp: 1743434670405
- conda: https://conda.anaconda.org/conda-forge/osx-arm64/libfreetype-2.13.3-hce30654_1.conda
  sha256: 1f8c16703fe333cdc2639f7cdaf677ac2120843453222944a7c6c85ec342903c
  md5: d06282e08e55b752627a707d58779b8f
  depends:
  - libfreetype6 >=2.13.3
  license: GPL-2.0-only OR FTL
  purls: []
  size: 7813
  timestamp: 1745370144506
- conda: https://conda.anaconda.org/conda-forge/osx-arm64/libfreetype6-2.13.3-h1d14073_1.conda
  sha256: c278df049b1a071841aa0aca140a338d087ea594e07dcf8a871d2cfe0e330e75
  md5: b163d446c55872ef60530231879908b9
  depends:
  - __osx >=11.0
  - libpng >=1.6.47,<1.7.0a0
  - libzlib >=1.3.1,<2.0a0
  constrains:
  - freetype >=2.13.3
  license: GPL-2.0-only OR FTL
  purls: []
  size: 333529
  timestamp: 1745370142848
- conda: https://conda.anaconda.org/conda-forge/osx-arm64/libgfortran-5.0.0-14_2_0_h6c33f7e_103.conda
  sha256: 8628746a8ecd311f1c0d14bb4f527c18686251538f7164982ccbe3b772de58b5
  md5: 044a210bc1d5b8367857755665157413
  depends:
  - libgfortran5 14.2.0 h6c33f7e_103
  license: GPL-3.0-only WITH GCC-exception-3.1
  license_family: GPL
  purls: []
  size: 156291
  timestamp: 1743863532821
- conda: https://conda.anaconda.org/conda-forge/osx-arm64/libgfortran5-14.2.0-h6c33f7e_103.conda
  sha256: 8599453990bd3a449013f5fa3d72302f1c68f0680622d419c3f751ff49f01f17
  md5: 69806c1e957069f1d515830dcc9f6cbb
  depends:
  - llvm-openmp >=8.0.0
  constrains:
  - libgfortran 5.0.0 14_2_0_*_103
  license: GPL-3.0-only WITH GCC-exception-3.1
  license_family: GPL
  purls: []
  size: 806566
  timestamp: 1743863491726
- conda: https://conda.anaconda.org/conda-forge/osx-arm64/libjpeg-turbo-3.1.0-h5505292_0.conda
  sha256: 78df2574fa6aa5b6f5fc367c03192f8ddf8e27dc23641468d54e031ff560b9d4
  md5: 01caa4fbcaf0e6b08b3aef1151e91745
  depends:
  - __osx >=11.0
  constrains:
  - jpeg <0.0.0a
  license: IJG AND BSD-3-Clause AND Zlib
  purls: []
  size: 553624
  timestamp: 1745268405713
- conda: https://conda.anaconda.org/conda-forge/osx-arm64/liblapack-3.9.0-32_hc9a63f6_openblas.conda
  build_number: 32
  sha256: 5e1cfa3581d1dec6b07a75084ff6cfa4b4465c646c6884a71c78a28543f83b61
  md5: bf9ead3fa92fd75ad473c6a1d255ffcb
  depends:
  - libblas 3.9.0 32_h10e41b3_openblas
  constrains:
  - blas 2.132   openblas
  - libcblas   3.9.0   32*_openblas
  - liblapacke 3.9.0   32*_openblas
  license: BSD-3-Clause
  purls: []
  size: 17507
  timestamp: 1750388977861
- conda: https://conda.anaconda.org/conda-forge/osx-arm64/liblzma-5.8.1-h39f12f2_2.conda
  sha256: 0cb92a9e026e7bd4842f410a5c5c665c89b2eb97794ffddba519a626b8ce7285
  md5: d6df911d4564d77c4374b02552cb17d1
  depends:
  - __osx >=11.0
  constrains:
  - xz 5.8.1.*
  license: 0BSD
  purls: []
  size: 92286
  timestamp: 1749230283517
- conda: https://conda.anaconda.org/conda-forge/osx-arm64/libopenblas-0.3.30-openmp_hf332438_0.conda
  sha256: 501c8c64f1a6e6b671e49835e6c483bc25f0e7147f3eb4bbb19a4c3673dcaf28
  md5: 5d7dbaa423b4c253c476c24784286e4b
  depends:
  - __osx >=11.0
  - libgfortran 5.*
  - libgfortran5 >=13.3.0
  - llvm-openmp >=18.1.8
  constrains:
  - openblas >=0.3.30,<0.3.31.0a0
  license: BSD-3-Clause
  purls: []
  size: 4163399
  timestamp: 1750378829050
- conda: https://conda.anaconda.org/conda-forge/osx-arm64/libpng-1.6.49-h3783ad8_0.conda
  sha256: b1050f6da51de507eec6902367cc2a3f381dd548eaaccb85673784543dcdee1a
  md5: 90be56ffd1a6b1950268f88c12e17c69
  depends:
  - __osx >=11.0
  - libzlib >=1.3.1,<2.0a0
  license: zlib-acknowledgement
  purls: []
  size: 259291
  timestamp: 1750095759683
- conda: https://conda.anaconda.org/conda-forge/osx-arm64/libsqlite-3.50.1-h3f77e49_4.conda
  sha256: 597be261fe112472f333857a6383378b53b131615bce76b26f2c1f509cdfbbcd
  md5: eba03af12ffb247e1675e608337c7740
  depends:
  - __osx >=11.0
  - libzlib >=1.3.1,<2.0a0
  license: Unlicense
  purls: []
  size: 901167
  timestamp: 1750454148265
- conda: https://conda.anaconda.org/conda-forge/osx-arm64/libtiff-4.7.0-h2f21f7c_5.conda
  sha256: cc5ee1cffb8a8afb25a4bfd08fce97c5447f97aa7064a055cb4a617df45bc848
  md5: 4eb183bbf7f734f69875702fdbe17ea0
  depends:
  - __osx >=11.0
  - lerc >=4.0.0,<5.0a0
  - libcxx >=18
  - libdeflate >=1.24,<1.25.0a0
  - libjpeg-turbo >=3.1.0,<4.0a0
  - liblzma >=5.8.1,<6.0a0
  - libwebp-base >=1.5.0,<2.0a0
  - libzlib >=1.3.1,<2.0a0
  - zstd >=1.5.7,<1.6.0a0
  license: HPND
  purls: []
  size: 370943
  timestamp: 1747067160710
- conda: https://conda.anaconda.org/conda-forge/osx-arm64/libwebp-base-1.5.0-h2471fea_0.conda
  sha256: f8bdb876b4bc8cb5df47c28af29188de8911c3fea4b799a33743500149de3f4a
  md5: 569466afeb84f90d5bb88c11cc23d746
  depends:
  - __osx >=11.0
  constrains:
  - libwebp 1.5.0
  license: BSD-3-Clause
  license_family: BSD
  purls: []
  size: 290013
  timestamp: 1734777593617
- conda: https://conda.anaconda.org/conda-forge/osx-arm64/libxcb-1.17.0-hdb1d25a_0.conda
  sha256: bd3816218924b1e43b275863e21a3e13a5db4a6da74cca8e60bc3c213eb62f71
  md5: af523aae2eca6dfa1c8eec693f5b9a79
  depends:
  - __osx >=11.0
  - pthread-stubs
  - xorg-libxau >=1.0.11,<2.0a0
  - xorg-libxdmcp
  license: MIT
  license_family: MIT
  purls: []
  size: 323658
  timestamp: 1727278733917
- conda: https://conda.anaconda.org/conda-forge/osx-arm64/libzlib-1.3.1-h8359307_2.conda
  sha256: ce34669eadaba351cd54910743e6a2261b67009624dbc7daeeafdef93616711b
  md5: 369964e85dc26bfe78f41399b366c435
  depends:
  - __osx >=11.0
  constrains:
  - zlib 1.3.1 *_2
  license: Zlib
  license_family: Other
  purls: []
  size: 46438
  timestamp: 1727963202283
- conda: https://conda.anaconda.org/conda-forge/osx-arm64/llvm-openmp-20.1.7-hdb05f8b_0.conda
  sha256: e7d95b50a90cdc9e0fc38bc37f493a61b9d08164114b562bbd9ff0034f45eca2
  md5: 741e1da0a0798d32e13e3724f2ca2dcf
  depends:
  - __osx >=11.0
  constrains:
  - openmp 20.1.7|20.1.7.*
  license: Apache-2.0 WITH LLVM-exception
  license_family: APACHE
  purls: []
  size: 281996
  timestamp: 1749892286735
- conda: https://conda.anaconda.org/conda-forge/osx-arm64/matplotlib-3.10.3-py311ha1ab1f8_0.conda
  sha256: ee93c91398d42d406b6123ca698eef6ce1e03d891da909815b643ea11fbfe81a
  md5: 17f2dcd3bb744ca81008203101973440
  depends:
  - matplotlib-base >=3.10.3,<3.10.4.0a0
  - python >=3.11,<3.12.0a0
  - python_abi 3.11.* *_cp311
  - tornado >=5
  license: PSF-2.0
  license_family: PSF
  purls: []
  size: 17480
  timestamp: 1746820960264
- conda: https://conda.anaconda.org/conda-forge/osx-arm64/matplotlib-base-3.10.3-py311h031da69_0.conda
  sha256: b7e1d35fbd54f65fd75334b2d4c5361249948124db6cb8f604c1f9fbe85ecc22
  md5: 6e40d3975da9017a6850ea8fbad9e3c9
  depends:
  - __osx >=11.0
  - contourpy >=1.0.1
  - cycler >=0.10
  - fonttools >=4.22.0
  - freetype
  - kiwisolver >=1.3.1
  - libcxx >=18
  - libfreetype >=2.13.3
  - libfreetype6 >=2.13.3
  - numpy >=1.19,<3
  - numpy >=1.23
  - packaging >=20.0
  - pillow >=8
  - pyparsing >=2.3.1
  - python >=3.11,<3.12.0a0
  - python >=3.11,<3.12.0a0 *_cpython
  - python-dateutil >=2.7
  - python_abi 3.11.* *_cp311
  - qhull >=2020.2,<2020.3.0a0
  license: PSF-2.0
  license_family: PSF
  purls:
  - pkg:pypi/matplotlib?source=hash-mapping
  size: 8048426
  timestamp: 1746820924090
- conda: https://conda.anaconda.org/conda-forge/osx-arm64/mpc-1.3.1-h8f1351a_1.conda
  sha256: 2700899ad03302a1751dbf2bca135407e470dd83ac897ab91dd8675d4300f158
  md5: a5635df796b71f6ca400fc7026f50701
  depends:
  - __osx >=11.0
  - gmp >=6.3.0,<7.0a0
  - mpfr >=4.2.1,<5.0a0
  license: LGPL-3.0-or-later
  license_family: LGPL
  purls: []
  size: 104766
  timestamp: 1725629165420
- conda: https://conda.anaconda.org/conda-forge/osx-arm64/mpfr-4.2.1-hb693164_3.conda
  sha256: 4463e4e2aba7668e37a1b8532859191b4477a6f3602a5d6b4d64ad4c4baaeac5
  md5: 4e4ea852d54cc2b869842de5044662fb
  depends:
  - __osx >=11.0
  - gmp >=6.3.0,<7.0a0
  license: LGPL-3.0-only
  license_family: LGPL
  purls: []
  size: 345517
  timestamp: 1725746730583
- conda: https://conda.anaconda.org/conda-forge/noarch/mpmath-1.3.0-pyhd8ed1ab_1.conda
  sha256: 7d7aa3fcd6f42b76bd711182f3776a02bef09a68c5f117d66b712a6d81368692
  md5: 3585aa87c43ab15b167b574cd73b057b
  depends:
  - python >=3.9
  license: BSD-3-Clause
  license_family: BSD
  purls:
  - pkg:pypi/mpmath?source=hash-mapping
  size: 439705
  timestamp: 1733302781386
- conda: https://conda.anaconda.org/conda-forge/noarch/munkres-1.1.4-pyhd8ed1ab_1.conda
  sha256: d09c47c2cf456de5c09fa66d2c3c5035aa1fa228a1983a433c47b876aa16ce90
  md5: 37293a85a0f4f77bbd9cf7aaefc62609
  depends:
  - python >=3.9
  license: Apache-2.0
  license_family: Apache
  purls:
  - pkg:pypi/munkres?source=compressed-mapping
  size: 15851
  timestamp: 1749895533014
- conda: https://conda.anaconda.org/conda-forge/osx-arm64/ncurses-6.5-h5e97a16_3.conda
  sha256: 2827ada40e8d9ca69a153a45f7fd14f32b2ead7045d3bbb5d10964898fe65733
  md5: 068d497125e4bf8a66bf707254fff5ae
  depends:
  - __osx >=11.0
  license: X11 AND BSD-3-Clause
  purls: []
  size: 797030
  timestamp: 1738196177597
- conda: https://conda.anaconda.org/conda-forge/osx-arm64/numpy-2.3.0-py311h4379d9d_0.conda
  sha256: 2ed53589ec66c38895abfaacccc11e0c875dd146147ab02ebf2849665671430d
  md5: 56ade1d0ea3530973648464b23a5b131
  depends:
  - __osx >=11.0
  - libblas >=3.9.0,<4.0a0
  - libcblas >=3.9.0,<4.0a0
  - libcxx >=18
  - liblapack >=3.9.0,<4.0a0
  - python >=3.11,<3.12.0a0
  - python >=3.11,<3.12.0a0 *_cpython
  - python_abi 3.11.* *_cp311
  constrains:
  - numpy-base <0a0
  license: BSD-3-Clause
  license_family: BSD
  purls:
  - pkg:pypi/numpy?source=hash-mapping
  size: 7148890
  timestamp: 1749431035775
- conda: https://conda.anaconda.org/conda-forge/osx-arm64/openjpeg-2.5.3-h8a3d83b_0.conda
  sha256: 1d59bc72ca7faac06d349c1a280f5cfb8a57ee5896f1e24225a997189d7418c7
  md5: 4b71d78648dbcf68ce8bf22bb07ff838
  depends:
  - __osx >=11.0
  - libcxx >=18
  - libpng >=1.6.44,<1.7.0a0
  - libtiff >=4.7.0,<4.8.0a0
  - libzlib >=1.3.1,<2.0a0
  license: BSD-2-Clause
  license_family: BSD
  purls: []
  size: 319362
  timestamp: 1733816781741
- conda: https://conda.anaconda.org/conda-forge/osx-arm64/openssl-3.5.0-h81ee809_1.conda
  sha256: 73d366c1597a10bcd5f3604b5f0734b31c23225536e03782c6a13f9be9d01bff
  md5: 5c7aef00ef60738a14e0e612cfc5bcde
  depends:
  - __osx >=11.0
  - ca-certificates
  license: Apache-2.0
  license_family: Apache
  purls: []
  size: 3064197
  timestamp: 1746223530698
- conda: https://conda.anaconda.org/conda-forge/noarch/packaging-25.0-pyh29332c3_1.conda
  sha256: 289861ed0c13a15d7bbb408796af4de72c2fe67e2bcb0de98f4c3fce259d7991
  md5: 58335b26c38bf4a20f399384c33cbcf9
  depends:
  - python >=3.8
  - python
  license: Apache-2.0
  license_family: APACHE
  purls:
  - pkg:pypi/packaging?source=compressed-mapping
  size: 62477
  timestamp: 1745345660407
- conda: https://conda.anaconda.org/conda-forge/osx-arm64/pillow-11.2.1-py311hb9ba9e9_0.conda
  sha256: f2652d15d6a3c6f5e40d0e87fbc459e67778abe2319e7715196d45215805b0cb
  md5: 5cdc7320584eedc6080df391668eaf41
  depends:
  - __osx >=11.0
  - lcms2 >=2.17,<3.0a0
  - libfreetype >=2.13.3
  - libfreetype6 >=2.13.3
  - libjpeg-turbo >=3.1.0,<4.0a0
  - libtiff >=4.7.0,<4.8.0a0
  - libwebp-base >=1.5.0,<2.0a0
  - libxcb >=1.17.0,<2.0a0
  - libzlib >=1.3.1,<2.0a0
  - openjpeg >=2.5.3,<3.0a0
  - python >=3.11,<3.12.0a0
  - python >=3.11,<3.12.0a0 *_cpython
  - python_abi 3.11.* *_cp311
  - tk >=8.6.13,<8.7.0a0
  license: HPND
  purls:
  - pkg:pypi/pillow?source=hash-mapping
  size: 42632596
  timestamp: 1746646647318
- pypi: ./
  name: project-numerical-analysis
  version: 0.1.0
  sha256: 3511ea74af3cfa0e35839805803e7708464db46bfc04275dd817ae66beec9776
  requires_python: '>=3.11'
  editable: true
- conda: https://conda.anaconda.org/conda-forge/osx-arm64/pthread-stubs-0.4-hd74edd7_1002.conda
  sha256: 8ed65e17fbb0ca944bfb8093b60086e3f9dd678c3448b5de212017394c247ee3
  md5: 415816daf82e0b23a736a069a75e9da7
  depends:
  - __osx >=11.0
  license: MIT
  license_family: MIT
  purls: []
  size: 8381
  timestamp: 1726802424786
- conda: https://conda.anaconda.org/conda-forge/noarch/pyparsing-3.2.3-pyhd8ed1ab_1.conda
  sha256: b92afb79b52fcf395fd220b29e0dd3297610f2059afac45298d44e00fcbf23b6
  md5: 513d3c262ee49b54a8fec85c5bc99764
  depends:
  - python >=3.9
  license: MIT
  license_family: MIT
  purls:
  - pkg:pypi/pyparsing?source=hash-mapping
  size: 95988
  timestamp: 1743089832359
- conda: https://conda.anaconda.org/conda-forge/osx-arm64/python-3.11.13-hc22306f_0_cpython.conda
  sha256: 2c966293ef9e97e66b55747c7a97bc95ba0311ac1cf0d04be4a51aafac60dcb1
  md5: 95facc4683b7b3b9cf8ae0ed10f30dce
  depends:
  - __osx >=11.0
  - bzip2 >=1.0.8,<2.0a0
  - libexpat >=2.7.0,<3.0a0
  - libffi >=3.4.6,<3.5.0a0
  - liblzma >=5.8.1,<6.0a0
  - libsqlite >=3.50.0,<4.0a0
  - libzlib >=1.3.1,<2.0a0
  - ncurses >=6.5,<7.0a0
  - openssl >=3.5.0,<4.0a0
  - readline >=8.2,<9.0a0
  - tk >=8.6.13,<8.7.0a0
  - tzdata
  constrains:
  - python_abi 3.11.* *_cp311
  license: Python-2.0
  purls: []
  size: 14573820
  timestamp: 1749048947732
- conda: https://conda.anaconda.org/conda-forge/noarch/python-dateutil-2.9.0.post0-pyhff2d567_1.conda
  sha256: a50052536f1ef8516ed11a844f9413661829aa083304dc624c5925298d078d79
  md5: 5ba79d7c71f03c678c8ead841f347d6e
  depends:
  - python >=3.9
  - six >=1.5
  license: Apache-2.0
  license_family: APACHE
  purls:
  - pkg:pypi/python-dateutil?source=hash-mapping
  size: 222505
  timestamp: 1733215763718
- conda: https://conda.anaconda.org/conda-forge/noarch/python_abi-3.11-7_cp311.conda
  build_number: 7
  sha256: 705d06b15c497b585d235e7e87f6c893ffe5fbfdb3326e376e56c842879e0a09
  md5: 6320dac78b3b215ceac35858b2cfdb70
  constrains:
  - python 3.11.* *_cpython
  license: BSD-3-Clause
  license_family: BSD
  purls: []
  size: 6996
  timestamp: 1745258878641
- conda: https://conda.anaconda.org/conda-forge/osx-arm64/qhull-2020.2-h420ef59_5.conda
  sha256: 873ac689484262a51fd79bc6103c1a1bedbf524924d7f0088fb80703042805e4
  md5: 6483b1f59526e05d7d894e466b5b6924
  depends:
  - __osx >=11.0
  - libcxx >=16
  license: LicenseRef-Qhull
  purls: []
  size: 516376
  timestamp: 1720814307311
- conda: https://conda.anaconda.org/conda-forge/osx-arm64/readline-8.2-h1d1bf99_2.conda
  sha256: 7db04684d3904f6151eff8673270922d31da1eea7fa73254d01c437f49702e34
  md5: 63ef3f6e6d6d5c589e64f11263dc5676
  depends:
  - ncurses >=6.5,<7.0a0
  license: GPL-3.0-only
  license_family: GPL
  purls: []
  size: 252359
  timestamp: 1740379663071
- conda: https://conda.anaconda.org/conda-forge/noarch/six-1.17.0-pyhd8ed1ab_0.conda
  sha256: 41db0180680cc67c3fa76544ffd48d6a5679d96f4b71d7498a759e94edc9a2db
  md5: a451d576819089b0d672f18768be0f65
  depends:
  - python >=3.9
  license: MIT
  license_family: MIT
  purls:
  - pkg:pypi/six?source=hash-mapping
  size: 16385
  timestamp: 1733381032766
- conda: https://conda.anaconda.org/conda-forge/noarch/sympy-1.14.0-pyh2585a3b_105.conda
  sha256: 09d3b6ac51d437bc996ad006d9f749ca5c645c1900a854a6c8f193cbd13f03a8
  md5: 8c09fac3785696e1c477156192d64b91
  depends:
  - __unix
  - cpython
  - gmpy2 >=2.0.8
  - mpmath >=0.19
  - python >=3.9
  license: BSD-3-Clause
  license_family: BSD
  purls:
  - pkg:pypi/sympy?source=hash-mapping
  size: 4616621
  timestamp: 1745946173026
- conda: https://conda.anaconda.org/conda-forge/osx-arm64/tk-8.6.13-h892fb3f_2.conda
  sha256: cb86c522576fa95c6db4c878849af0bccfd3264daf0cc40dd18e7f4a7bfced0e
  md5: 7362396c170252e7b7b0c8fb37fe9c78
  depends:
  - __osx >=11.0
  - libzlib >=1.3.1,<2.0a0
  license: TCL
  license_family: BSD
  purls: []
  size: 3125538
  timestamp: 1748388189063
- conda: https://conda.anaconda.org/conda-forge/osx-arm64/tornado-6.5.1-py311h917b07b_0.conda
  sha256: 640183a5955f373f86f56193dbd0f289d98cdf8e19f37284ac52e8fd37ea2632
  md5: 8b0ba58f117a8e1754f87b4c69818d21
  depends:
  - __osx >=11.0
  - python >=3.11,<3.12.0a0
  - python >=3.11,<3.12.0a0 *_cpython
  - python_abi 3.11.* *_cp311
  license: Apache-2.0
  license_family: Apache
  purls:
  - pkg:pypi/tornado?source=hash-mapping
  size: 867366
  timestamp: 1748003598139
- conda: https://conda.anaconda.org/conda-forge/noarch/tzdata-2025b-h78e105d_0.conda
  sha256: 5aaa366385d716557e365f0a4e9c3fca43ba196872abbbe3d56bb610d131e192
  md5: 4222072737ccff51314b5ece9c7d6f5a
  license: LicenseRef-Public-Domain
  purls: []
  size: 122968
  timestamp: 1742727099393
- conda: https://conda.anaconda.org/conda-forge/osx-arm64/unicodedata2-16.0.0-py311h917b07b_0.conda
  sha256: 4edd8c92ea579b8b5997e4b6159271dc47ce4826e880b8f8eec52be88619b03f
  md5: d1e4a3605a1ca37cb73937772c5310af
  depends:
  - __osx >=11.0
  - python >=3.11,<3.12.0a0
  - python >=3.11,<3.12.0a0 *_cpython
  - python_abi 3.11.* *_cp311
  license: Apache-2.0
  license_family: Apache
  purls:
  - pkg:pypi/unicodedata2?source=hash-mapping
  size: 411234
  timestamp: 1736692763548
- conda: https://conda.anaconda.org/conda-forge/osx-arm64/xorg-libxau-1.0.12-h5505292_0.conda
  sha256: f33e6f013fc36ebc200f09ddead83468544cb5c353a3b50499b07b8c34e28a8d
  md5: 50901e0764b7701d8ed7343496f4f301
  depends:
  - __osx >=11.0
  license: MIT
  license_family: MIT
  purls: []
  size: 13593
  timestamp: 1734229104321
- conda: https://conda.anaconda.org/conda-forge/osx-arm64/xorg-libxdmcp-1.1.5-hd74edd7_0.conda
  sha256: 9939a166d780700d81023546759102b33fdc2c5f11ef09f5f66c77210fd334c8
  md5: 77c447f48cab5d3a15ac224edb86a968
  depends:
  - __osx >=11.0
  license: MIT
  license_family: MIT
  purls: []
  size: 18487
  timestamp: 1727795205022
- conda: https://conda.anaconda.org/conda-forge/osx-arm64/zstd-1.5.7-h6491c7d_2.conda
  sha256: 0d02046f57f7a1a3feae3e9d1aa2113788311f3cf37a3244c71e61a93177ba67
  md5: e6f69c7bcccdefa417f056fa593b40f0
  depends:
  - __osx >=11.0
  - libzlib >=1.3.1,<2.0a0
  license: BSD-3-Clause
  license_family: BSD
  purls: []
  size: 399979
  timestamp: 1742433432699
